
Microsoft Visual Studio Solution File, Format Version 12.00
# Visual Studio 14
VisualStudioVersion = 14.0.25420.1
MinimumVisualStudioVersion = 10.0.40219.1
Project("{FAE04EC0-301F-11D3-BF4B-00C04F79EFBC}") = "Xamarin_WebApiPost", "Xamarin_WebApiPost\Xamarin_WebApiPost\Xamarin_WebApiPost.csproj", "{1AB0AAAF-7047-42A8-910A-A60F74E9C23B}"
EndProject
Project("{FAE04EC0-301F-11D3-BF4B-00C04F79EFBC}") = "Xamarin_WebApiPost.Droid", "Xamarin_WebApiPost\Xamarin_WebApiPost.Droid\Xamarin_WebApiPost.Droid.csproj", "{A5A2724E-2966-48E1-82E3-F98A91645546}"
EndProject
Project("{FAE04EC0-301F-11D3-BF4B-00C04F79EFBC}") = "Xamarin_WebApiPost.iOS", "Xamarin_WebApiPost\Xamarin_WebApiPost.iOS\Xamarin_WebApiPost.iOS.csproj", "{B03C20BC-CA1B-4F6B-8578-441D2ECEA609}"
EndProject
Project("{FAE04EC0-301F-11D3-BF4B-00C04F79EFBC}") = "Xamarin_WebApiPost.WinPhone", "Xamarin_WebApiPost\Xamarin_WebApiPost.WinPhone\Xamarin_WebApiPost.WinPhone.csproj", "{304FCDC3-4117-43F9-B45C-5414C99EDCA0}"
EndProject
Project("{FAE04EC0-301F-11D3-BF4B-00C04F79EFBC}") = "Xamarin_WebApiPost.Windows", "Xamarin_WebApiPost\Xamarin_WebApiPost.Windows\Xamarin_WebApiPost.Windows.csproj", "{9BA8F72E-25E7-4564-BA4D-55B85B81D220}"
EndProject
Global
	GlobalSection(SolutionConfigurationPlatforms) = preSolution
		Ad-Hoc|Any CPU = Ad-Hoc|Any CPU
		Ad-Hoc|ARM = Ad-Hoc|ARM
		Ad-Hoc|iPhone = Ad-Hoc|iPhone
		Ad-Hoc|iPhoneSimulator = Ad-Hoc|iPhoneSimulator
		Ad-Hoc|x64 = Ad-Hoc|x64
		Ad-Hoc|x86 = Ad-Hoc|x86
		AppStore|Any CPU = AppStore|Any CPU
		AppStore|ARM = AppStore|ARM
		AppStore|iPhone = AppStore|iPhone
		AppStore|iPhoneSimulator = AppStore|iPhoneSimulator
		AppStore|x64 = AppStore|x64
		AppStore|x86 = AppStore|x86
		Debug|Any CPU = Debug|Any CPU
		Debug|ARM = Debug|ARM
		Debug|iPhone = Debug|iPhone
		Debug|iPhoneSimulator = Debug|iPhoneSimulator
		Debug|x64 = Debug|x64
		Debug|x86 = Debug|x86
		Release|Any CPU = Release|Any CPU
		Release|ARM = Release|ARM
		Release|iPhone = Release|iPhone
		Release|iPhoneSimulator = Release|iPhoneSimulator
		Release|x64 = Release|x64
		Release|x86 = Release|x86
	EndGlobalSection
	GlobalSection(ProjectConfigurationPlatforms) = postSolution
		{1AB0AAAF-7047-42A8-910A-A60F74E9C23B}.Ad-Hoc|Any CPU.ActiveCfg = Release|Any CPU
		{1AB0AAAF-7047-42A8-910A-A60F74E9C23B}.Ad-Hoc|Any CPU.Build.0 = Release|Any CPU
		{1AB0AAAF-7047-42A8-910A-A60F74E9C23B}.Ad-Hoc|ARM.ActiveCfg = Release|Any CPU
		{1AB0AAAF-7047-42A8-910A-A60F74E9C23B}.Ad-Hoc|ARM.Build.0 = Release|Any CPU
		{1AB0AAAF-7047-42A8-910A-A60F74E9C23B}.Ad-Hoc|iPhone.ActiveCfg = Release|Any CPU
		{1AB0AAAF-7047-42A8-910A-A60F74E9C23B}.Ad-Hoc|iPhone.Build.0 = Release|Any CPU
		{1AB0AAAF-7047-42A8-910A-A60F74E9C23B}.Ad-Hoc|iPhoneSimulator.ActiveCfg = Release|Any CPU
		{1AB0AAAF-7047-42A8-910A-A60F74E9C23B}.Ad-Hoc|iPhoneSimulator.Build.0 = Release|Any CPU
		{1AB0AAAF-7047-42A8-910A-A60F74E9C23B}.Ad-Hoc|x64.ActiveCfg = Release|Any CPU
		{1AB0AAAF-7047-42A8-910A-A60F74E9C23B}.Ad-Hoc|x64.Build.0 = Release|Any CPU
		{1AB0AAAF-7047-42A8-910A-A60F74E9C23B}.Ad-Hoc|x86.ActiveCfg = Release|Any CPU
		{1AB0AAAF-7047-42A8-910A-A60F74E9C23B}.Ad-Hoc|x86.Build.0 = Release|Any CPU
		{1AB0AAAF-7047-42A8-910A-A60F74E9C23B}.AppStore|Any CPU.ActiveCfg = Release|Any CPU
		{1AB0AAAF-7047-42A8-910A-A60F74E9C23B}.AppStore|Any CPU.Build.0 = Release|Any CPU
		{1AB0AAAF-7047-42A8-910A-A60F74E9C23B}.AppStore|ARM.ActiveCfg = Release|Any CPU
		{1AB0AAAF-7047-42A8-910A-A60F74E9C23B}.AppStore|ARM.Build.0 = Release|Any CPU
		{1AB0AAAF-7047-42A8-910A-A60F74E9C23B}.AppStore|iPhone.ActiveCfg = Release|Any CPU
		{1AB0AAAF-7047-42A8-910A-A60F74E9C23B}.AppStore|iPhone.Build.0 = Release|Any CPU
		{1AB0AAAF-7047-42A8-910A-A60F74E9C23B}.AppStore|iPhoneSimulator.ActiveCfg = Release|Any CPU
		{1AB0AAAF-7047-42A8-910A-A60F74E9C23B}.AppStore|iPhoneSimulator.Build.0 = Release|Any CPU
		{1AB0AAAF-7047-42A8-910A-A60F74E9C23B}.AppStore|x64.ActiveCfg = Release|Any CPU
		{1AB0AAAF-7047-42A8-910A-A60F74E9C23B}.AppStore|x64.Build.0 = Release|Any CPU
		{1AB0AAAF-7047-42A8-910A-A60F74E9C23B}.AppStore|x86.ActiveCfg = Release|Any CPU
		{1AB0AAAF-7047-42A8-910A-A60F74E9C23B}.AppStore|x86.Build.0 = Release|Any CPU
		{1AB0AAAF-7047-42A8-910A-A60F74E9C23B}.Debug|Any CPU.ActiveCfg = Debug|Any CPU
		{1AB0AAAF-7047-42A8-910A-A60F74E9C23B}.Debug|Any CPU.Build.0 = Debug|Any CPU
		{1AB0AAAF-7047-42A8-910A-A60F74E9C23B}.Debug|ARM.ActiveCfg = Debug|Any CPU
		{1AB0AAAF-7047-42A8-910A-A60F74E9C23B}.Debug|ARM.Build.0 = Debug|Any CPU
		{1AB0AAAF-7047-42A8-910A-A60F74E9C23B}.Debug|iPhone.ActiveCfg = Debug|Any CPU
		{1AB0AAAF-7047-42A8-910A-A60F74E9C23B}.Debug|iPhone.Build.0 = Debug|Any CPU
		{1AB0AAAF-7047-42A8-910A-A60F74E9C23B}.Debug|iPhoneSimulator.ActiveCfg = Debug|Any CPU
		{1AB0AAAF-7047-42A8-910A-A60F74E9C23B}.Debug|iPhoneSimulator.Build.0 = Debug|Any CPU
		{1AB0AAAF-7047-42A8-910A-A60F74E9C23B}.Debug|x64.ActiveCfg = Debug|Any CPU
		{1AB0AAAF-7047-42A8-910A-A60F74E9C23B}.Debug|x64.Build.0 = Debug|Any CPU
		{1AB0AAAF-7047-42A8-910A-A60F74E9C23B}.Debug|x86.ActiveCfg = Debug|Any CPU
		{1AB0AAAF-7047-42A8-910A-A60F74E9C23B}.Debug|x86.Build.0 = Debug|Any CPU
		{1AB0AAAF-7047-42A8-910A-A60F74E9C23B}.Release|Any CPU.ActiveCfg = Release|Any CPU
		{1AB0AAAF-7047-42A8-910A-A60F74E9C23B}.Release|Any CPU.Build.0 = Release|Any CPU
		{1AB0AAAF-7047-42A8-910A-A60F74E9C23B}.Release|ARM.ActiveCfg = Release|Any CPU
		{1AB0AAAF-7047-42A8-910A-A60F74E9C23B}.Release|ARM.Build.0 = Release|Any CPU
		{1AB0AAAF-7047-42A8-910A-A60F74E9C23B}.Release|iPhone.ActiveCfg = Release|Any CPU
		{1AB0AAAF-7047-42A8-910A-A60F74E9C23B}.Release|iPhone.Build.0 = Release|Any CPU
		{1AB0AAAF-7047-42A8-910A-A60F74E9C23B}.Release|iPhoneSimulator.ActiveCfg = Release|Any CPU
		{1AB0AAAF-7047-42A8-910A-A60F74E9C23B}.Release|iPhoneSimulator.Build.0 = Release|Any CPU
		{1AB0AAAF-7047-42A8-910A-A60F74E9C23B}.Release|x64.ActiveCfg = Release|Any CPU
		{1AB0AAAF-7047-42A8-910A-A60F74E9C23B}.Release|x64.Build.0 = Release|Any CPU
		{1AB0AAAF-7047-42A8-910A-A60F74E9C23B}.Release|x86.ActiveCfg = Release|Any CPU
		{1AB0AAAF-7047-42A8-910A-A60F74E9C23B}.Release|x86.Build.0 = Release|Any CPU
		{A5A2724E-2966-48E1-82E3-F98A91645546}.Ad-Hoc|Any CPU.ActiveCfg = Release|Any CPU
		{A5A2724E-2966-48E1-82E3-F98A91645546}.Ad-Hoc|Any CPU.Build.0 = Release|Any CPU
		{A5A2724E-2966-48E1-82E3-F98A91645546}.Ad-Hoc|Any CPU.Deploy.0 = Release|Any CPU
		{A5A2724E-2966-48E1-82E3-F98A91645546}.Ad-Hoc|ARM.ActiveCfg = Release|Any CPU
		{A5A2724E-2966-48E1-82E3-F98A91645546}.Ad-Hoc|ARM.Build.0 = Release|Any CPU
		{A5A2724E-2966-48E1-82E3-F98A91645546}.Ad-Hoc|ARM.Deploy.0 = Release|Any CPU
		{A5A2724E-2966-48E1-82E3-F98A91645546}.Ad-Hoc|iPhone.ActiveCfg = Release|Any CPU
		{A5A2724E-2966-48E1-82E3-F98A91645546}.Ad-Hoc|iPhone.Build.0 = Release|Any CPU
		{A5A2724E-2966-48E1-82E3-F98A91645546}.Ad-Hoc|iPhone.Deploy.0 = Release|Any CPU
		{A5A2724E-2966-48E1-82E3-F98A91645546}.Ad-Hoc|iPhoneSimulator.ActiveCfg = Release|Any CPU
		{A5A2724E-2966-48E1-82E3-F98A91645546}.Ad-Hoc|iPhoneSimulator.Build.0 = Release|Any CPU
		{A5A2724E-2966-48E1-82E3-F98A91645546}.Ad-Hoc|iPhoneSimulator.Deploy.0 = Release|Any CPU
		{A5A2724E-2966-48E1-82E3-F98A91645546}.Ad-Hoc|x64.ActiveCfg = Release|Any CPU
		{A5A2724E-2966-48E1-82E3-F98A91645546}.Ad-Hoc|x64.Build.0 = Release|Any CPU
		{A5A2724E-2966-48E1-82E3-F98A91645546}.Ad-Hoc|x64.Deploy.0 = Release|Any CPU
		{A5A2724E-2966-48E1-82E3-F98A91645546}.Ad-Hoc|x86.ActiveCfg = Release|Any CPU
		{A5A2724E-2966-48E1-82E3-F98A91645546}.Ad-Hoc|x86.Build.0 = Release|Any CPU
		{A5A2724E-2966-48E1-82E3-F98A91645546}.Ad-Hoc|x86.Deploy.0 = Release|Any CPU
		{A5A2724E-2966-48E1-82E3-F98A91645546}.AppStore|Any CPU.ActiveCfg = Release|Any CPU
		{A5A2724E-2966-48E1-82E3-F98A91645546}.AppStore|Any CPU.Build.0 = Release|Any CPU
		{A5A2724E-2966-48E1-82E3-F98A91645546}.AppStore|Any CPU.Deploy.0 = Release|Any CPU
		{A5A2724E-2966-48E1-82E3-F98A91645546}.AppStore|ARM.ActiveCfg = Release|Any CPU
		{A5A2724E-2966-48E1-82E3-F98A91645546}.AppStore|ARM.Build.0 = Release|Any CPU
		{A5A2724E-2966-48E1-82E3-F98A91645546}.AppStore|ARM.Deploy.0 = Release|Any CPU
		{A5A2724E-2966-48E1-82E3-F98A91645546}.AppStore|iPhone.ActiveCfg = Release|Any CPU
		{A5A2724E-2966-48E1-82E3-F98A91645546}.AppStore|iPhone.Build.0 = Release|Any CPU
		{A5A2724E-2966-48E1-82E3-F98A91645546}.AppStore|iPhone.Deploy.0 = Release|Any CPU
		{A5A2724E-2966-48E1-82E3-F98A91645546}.AppStore|iPhoneSimulator.ActiveCfg = Release|Any CPU
		{A5A2724E-2966-48E1-82E3-F98A91645546}.AppStore|iPhoneSimulator.Build.0 = Release|Any CPU
		{A5A2724E-2966-48E1-82E3-F98A91645546}.AppStore|iPhoneSimulator.Deploy.0 = Release|Any CPU
		{A5A2724E-2966-48E1-82E3-F98A91645546}.AppStore|x64.ActiveCfg = Release|Any CPU
		{A5A2724E-2966-48E1-82E3-F98A91645546}.AppStore|x64.Build.0 = Release|Any CPU
		{A5A2724E-2966-48E1-82E3-F98A91645546}.AppStore|x64.Deploy.0 = Release|Any CPU
		{A5A2724E-2966-48E1-82E3-F98A91645546}.AppStore|x86.ActiveCfg = Release|Any CPU
		{A5A2724E-2966-48E1-82E3-F98A91645546}.AppStore|x86.Build.0 = Release|Any CPU
		{A5A2724E-2966-48E1-82E3-F98A91645546}.AppStore|x86.Deploy.0 = Release|Any CPU
		{A5A2724E-2966-48E1-82E3-F98A91645546}.Debug|Any CPU.ActiveCfg = Debug|Any CPU
		{A5A2724E-2966-48E1-82E3-F98A91645546}.Debug|Any CPU.Build.0 = Debug|Any CPU
		{A5A2724E-2966-48E1-82E3-F98A91645546}.Debug|Any CPU.Deploy.0 = Debug|Any CPU
		{A5A2724E-2966-48E1-82E3-F98A91645546}.Debug|ARM.ActiveCfg = Debug|Any CPU
		{A5A2724E-2966-48E1-82E3-F98A91645546}.Debug|ARM.Build.0 = Debug|Any CPU
		{A5A2724E-2966-48E1-82E3-F98A91645546}.Debug|ARM.Deploy.0 = Debug|Any CPU
		{A5A2724E-2966-48E1-82E3-F98A91645546}.Debug|iPhone.ActiveCfg = Debug|Any CPU
		{A5A2724E-2966-48E1-82E3-F98A91645546}.Debug|iPhone.Build.0 = Debug|Any CPU
		{A5A2724E-2966-48E1-82E3-F98A91645546}.Debug|iPhone.Deploy.0 = Debug|Any CPU
		{A5A2724E-2966-48E1-82E3-F98A91645546}.Debug|iPhoneSimulator.ActiveCfg = Debug|Any CPU
		{A5A2724E-2966-48E1-82E3-F98A91645546}.Debug|iPhoneSimulator.Build.0 = Debug|Any CPU
		{A5A2724E-2966-48E1-82E3-F98A91645546}.Debug|iPhoneSimulator.Deploy.0 = Debug|Any CPU
		{A5A2724E-2966-48E1-82E3-F98A91645546}.Debug|x64.ActiveCfg = Debug|Any CPU
		{A5A2724E-2966-48E1-82E3-F98A91645546}.Debug|x64.Build.0 = Debug|Any CPU
		{A5A2724E-2966-48E1-82E3-F98A91645546}.Debug|x64.Deploy.0 = Debug|Any CPU
		{A5A2724E-2966-48E1-82E3-F98A91645546}.Debug|x86.ActiveCfg = Debug|Any CPU
		{A5A2724E-2966-48E1-82E3-F98A91645546}.Debug|x86.Build.0 = Debug|Any CPU
		{A5A2724E-2966-48E1-82E3-F98A91645546}.Debug|x86.Deploy.0 = Debug|Any CPU
		{A5A2724E-2966-48E1-82E3-F98A91645546}.Release|Any CPU.ActiveCfg = Release|Any CPU
		{A5A2724E-2966-48E1-82E3-F98A91645546}.Release|Any CPU.Build.0 = Release|Any CPU
		{A5A2724E-2966-48E1-82E3-F98A91645546}.Release|Any CPU.Deploy.0 = Release|Any CPU
		{A5A2724E-2966-48E1-82E3-F98A91645546}.Release|ARM.ActiveCfg = Release|Any CPU
		{A5A2724E-2966-48E1-82E3-F98A91645546}.Release|ARM.Build.0 = Release|Any CPU
		{A5A2724E-2966-48E1-82E3-F98A91645546}.Release|ARM.Deploy.0 = Release|Any CPU
		{A5A2724E-2966-48E1-82E3-F98A91645546}.Release|iPhone.ActiveCfg = Release|Any CPU
		{A5A2724E-2966-48E1-82E3-F98A91645546}.Release|iPhone.Build.0 = Release|Any CPU
		{A5A2724E-2966-48E1-82E3-F98A91645546}.Release|iPhone.Deploy.0 = Release|Any CPU
		{A5A2724E-2966-48E1-82E3-F98A91645546}.Release|iPhoneSimulator.ActiveCfg = Release|Any CPU
		{A5A2724E-2966-48E1-82E3-F98A91645546}.Release|iPhoneSimulator.Build.0 = Release|Any CPU
		{A5A2724E-2966-48E1-82E3-F98A91645546}.Release|iPhoneSimulator.Deploy.0 = Release|Any CPU
		{A5A2724E-2966-48E1-82E3-F98A91645546}.Release|x64.ActiveCfg = Release|Any CPU
		{A5A2724E-2966-48E1-82E3-F98A91645546}.Release|x64.Build.0 = Release|Any CPU
		{A5A2724E-2966-48E1-82E3-F98A91645546}.Release|x64.Deploy.0 = Release|Any CPU
		{A5A2724E-2966-48E1-82E3-F98A91645546}.Release|x86.ActiveCfg = Release|Any CPU
		{A5A2724E-2966-48E1-82E3-F98A91645546}.Release|x86.Build.0 = Release|Any CPU
		{A5A2724E-2966-48E1-82E3-F98A91645546}.Release|x86.Deploy.0 = Release|Any CPU
		{B03C20BC-CA1B-4F6B-8578-441D2ECEA609}.Ad-Hoc|Any CPU.ActiveCfg = Ad-Hoc|iPhone
		{B03C20BC-CA1B-4F6B-8578-441D2ECEA609}.Ad-Hoc|ARM.ActiveCfg = Ad-Hoc|iPhone
		{B03C20BC-CA1B-4F6B-8578-441D2ECEA609}.Ad-Hoc|iPhone.ActiveCfg = Ad-Hoc|iPhone
		{B03C20BC-CA1B-4F6B-8578-441D2ECEA609}.Ad-Hoc|iPhone.Build.0 = Ad-Hoc|iPhone
		{B03C20BC-CA1B-4F6B-8578-441D2ECEA609}.Ad-Hoc|iPhoneSimulator.ActiveCfg = Ad-Hoc|iPhoneSimulator
		{B03C20BC-CA1B-4F6B-8578-441D2ECEA609}.Ad-Hoc|iPhoneSimulator.Build.0 = Ad-Hoc|iPhoneSimulator
		{B03C20BC-CA1B-4F6B-8578-441D2ECEA609}.Ad-Hoc|x64.ActiveCfg = Ad-Hoc|iPhone
		{B03C20BC-CA1B-4F6B-8578-441D2ECEA609}.Ad-Hoc|x86.ActiveCfg = Ad-Hoc|iPhone
		{B03C20BC-CA1B-4F6B-8578-441D2ECEA609}.AppStore|Any CPU.ActiveCfg = AppStore|iPhone
		{B03C20BC-CA1B-4F6B-8578-441D2ECEA609}.AppStore|ARM.ActiveCfg = AppStore|iPhone
		{B03C20BC-CA1B-4F6B-8578-441D2ECEA609}.AppStore|iPhone.ActiveCfg = AppStore|iPhone
		{B03C20BC-CA1B-4F6B-8578-441D2ECEA609}.AppStore|iPhone.Build.0 = AppStore|iPhone
		{B03C20BC-CA1B-4F6B-8578-441D2ECEA609}.AppStore|iPhoneSimulator.ActiveCfg = AppStore|iPhoneSimulator
		{B03C20BC-CA1B-4F6B-8578-441D2ECEA609}.AppStore|iPhoneSimulator.Build.0 = AppStore|iPhoneSimulator
		{B03C20BC-CA1B-4F6B-8578-441D2ECEA609}.AppStore|x64.ActiveCfg = AppStore|iPhone
		{B03C20BC-CA1B-4F6B-8578-441D2ECEA609}.AppStore|x86.ActiveCfg = AppStore|iPhone
		{B03C20BC-CA1B-4F6B-8578-441D2ECEA609}.Debug|Any CPU.ActiveCfg = Debug|iPhone
		{B03C20BC-CA1B-4F6B-8578-441D2ECEA609}.Debug|ARM.ActiveCfg = Debug|iPhone
		{B03C20BC-CA1B-4F6B-8578-441D2ECEA609}.Debug|iPhone.ActiveCfg = Debug|iPhone
		{B03C20BC-CA1B-4F6B-8578-441D2ECEA609}.Debug|iPhone.Build.0 = Debug|iPhone
		{B03C20BC-CA1B-4F6B-8578-441D2ECEA609}.Debug|iPhoneSimulator.ActiveCfg = Debug|iPhoneSimulator
		{B03C20BC-CA1B-4F6B-8578-441D2ECEA609}.Debug|iPhoneSimulator.Build.0 = Debug|iPhoneSimulator
		{B03C20BC-CA1B-4F6B-8578-441D2ECEA609}.Debug|x64.ActiveCfg = Debug|iPhone
		{B03C20BC-CA1B-4F6B-8578-441D2ECEA609}.Debug|x86.ActiveCfg = Debug|iPhone
		{B03C20BC-CA1B-4F6B-8578-441D2ECEA609}.Release|Any CPU.ActiveCfg = Release|iPhone
		{B03C20BC-CA1B-4F6B-8578-441D2ECEA609}.Release|ARM.ActiveCfg = Release|iPhone
		{B03C20BC-CA1B-4F6B-8578-441D2ECEA609}.Release|iPhone.ActiveCfg = Release|iPhone
		{B03C20BC-CA1B-4F6B-8578-441D2ECEA609}.Release|iPhone.Build.0 = Release|iPhone
		{B03C20BC-CA1B-4F6B-8578-441D2ECEA609}.Release|iPhoneSimulator.ActiveCfg = Release|iPhoneSimulator
		{B03C20BC-CA1B-4F6B-8578-441D2ECEA609}.Release|iPhoneSimulator.Build.0 = Release|iPhoneSimulator
		{B03C20BC-CA1B-4F6B-8578-441D2ECEA609}.Release|x64.ActiveCfg = Release|iPhone
		{B03C20BC-CA1B-4F6B-8578-441D2ECEA609}.Release|x86.ActiveCfg = Release|iPhone
		{304FCDC3-4117-43F9-B45C-5414C99EDCA0}.Ad-Hoc|Any CPU.ActiveCfg = Release|Any CPU
		{304FCDC3-4117-43F9-B45C-5414C99EDCA0}.Ad-Hoc|Any CPU.Build.0 = Release|Any CPU
		{304FCDC3-4117-43F9-B45C-5414C99EDCA0}.Ad-Hoc|Any CPU.Deploy.0 = Release|Any CPU
		{304FCDC3-4117-43F9-B45C-5414C99EDCA0}.Ad-Hoc|ARM.ActiveCfg = Release|ARM
		{304FCDC3-4117-43F9-B45C-5414C99EDCA0}.Ad-Hoc|ARM.Build.0 = Release|ARM
		{304FCDC3-4117-43F9-B45C-5414C99EDCA0}.Ad-Hoc|ARM.Deploy.0 = Release|ARM
		{304FCDC3-4117-43F9-B45C-5414C99EDCA0}.Ad-Hoc|iPhone.ActiveCfg = Release|Any CPU
		{304FCDC3-4117-43F9-B45C-5414C99EDCA0}.Ad-Hoc|iPhone.Build.0 = Release|Any CPU
		{304FCDC3-4117-43F9-B45C-5414C99EDCA0}.Ad-Hoc|iPhone.Deploy.0 = Release|Any CPU
		{304FCDC3-4117-43F9-B45C-5414C99EDCA0}.Ad-Hoc|iPhoneSimulator.ActiveCfg = Release|Any CPU
		{304FCDC3-4117-43F9-B45C-5414C99EDCA0}.Ad-Hoc|iPhoneSimulator.Build.0 = Release|Any CPU
		{304FCDC3-4117-43F9-B45C-5414C99EDCA0}.Ad-Hoc|iPhoneSimulator.Deploy.0 = Release|Any CPU
		{304FCDC3-4117-43F9-B45C-5414C99EDCA0}.Ad-Hoc|x64.ActiveCfg = Release|Any CPU
		{304FCDC3-4117-43F9-B45C-5414C99EDCA0}.Ad-Hoc|x64.Build.0 = Release|Any CPU
		{304FCDC3-4117-43F9-B45C-5414C99EDCA0}.Ad-Hoc|x64.Deploy.0 = Release|Any CPU
		{304FCDC3-4117-43F9-B45C-5414C99EDCA0}.Ad-Hoc|x86.ActiveCfg = Release|x86
		{304FCDC3-4117-43F9-B45C-5414C99EDCA0}.Ad-Hoc|x86.Build.0 = Release|x86
		{304FCDC3-4117-43F9-B45C-5414C99EDCA0}.Ad-Hoc|x86.Deploy.0 = Release|x86
		{304FCDC3-4117-43F9-B45C-5414C99EDCA0}.AppStore|Any CPU.ActiveCfg = Release|Any CPU
		{304FCDC3-4117-43F9-B45C-5414C99EDCA0}.AppStore|Any CPU.Build.0 = Release|Any CPU
		{304FCDC3-4117-43F9-B45C-5414C99EDCA0}.AppStore|Any CPU.Deploy.0 = Release|Any CPU
		{304FCDC3-4117-43F9-B45C-5414C99EDCA0}.AppStore|ARM.ActiveCfg = Release|ARM
		{304FCDC3-4117-43F9-B45C-5414C99EDCA0}.AppStore|ARM.Build.0 = Release|ARM
		{304FCDC3-4117-43F9-B45C-5414C99EDCA0}.AppStore|ARM.Deploy.0 = Release|ARM
		{304FCDC3-4117-43F9-B45C-5414C99EDCA0}.AppStore|iPhone.ActiveCfg = Release|Any CPU
		{304FCDC3-4117-43F9-B45C-5414C99EDCA0}.AppStore|iPhone.Build.0 = Release|Any CPU
		{304FCDC3-4117-43F9-B45C-5414C99EDCA0}.AppStore|iPhone.Deploy.0 = Release|Any CPU
		{304FCDC3-4117-43F9-B45C-5414C99EDCA0}.AppStore|iPhoneSimulator.ActiveCfg = Release|Any CPU
		{304FCDC3-4117-43F9-B45C-5414C99EDCA0}.AppStore|iPhoneSimulator.Build.0 = Release|Any CPU
		{304FCDC3-4117-43F9-B45C-5414C99EDCA0}.AppStore|iPhoneSimulator.Deploy.0 = Release|Any CPU
		{304FCDC3-4117-43F9-B45C-5414C99EDCA0}.AppStore|x64.ActiveCfg = Release|Any CPU
		{304FCDC3-4117-43F9-B45C-5414C99EDCA0}.AppStore|x64.Build.0 = Release|Any CPU
		{304FCDC3-4117-43F9-B45C-5414C99EDCA0}.AppStore|x64.Deploy.0 = Release|Any CPU
		{304FCDC3-4117-43F9-B45C-5414C99EDCA0}.AppStore|x86.ActiveCfg = Release|x86
		{304FCDC3-4117-43F9-B45C-5414C99EDCA0}.AppStore|x86.Build.0 = Release|x86
		{304FCDC3-4117-43F9-B45C-5414C99EDCA0}.AppStore|x86.Deploy.0 = Release|x86
		{304FCDC3-4117-43F9-B45C-5414C99EDCA0}.Debug|Any CPU.ActiveCfg = Debug|Any CPU
		{304FCDC3-4117-43F9-B45C-5414C99EDCA0}.Debug|Any CPU.Build.0 = Debug|Any CPU
		{304FCDC3-4117-43F9-B45C-5414C99EDCA0}.Debug|Any CPU.Deploy.0 = Debug|Any CPU
		{304FCDC3-4117-43F9-B45C-5414C99EDCA0}.Debug|ARM.ActiveCfg = Debug|ARM
		{304FCDC3-4117-43F9-B45C-5414C99EDCA0}.Debug|ARM.Build.0 = Debug|ARM
		{304FCDC3-4117-43F9-B45C-5414C99EDCA0}.Debug|ARM.Deploy.0 = Debug|ARM
		{304FCDC3-4117-43F9-B45C-5414C99EDCA0}.Debug|iPhone.ActiveCfg = Debug|Any CPU
		{304FCDC3-4117-43F9-B45C-5414C99EDCA0}.Debug|iPhone.Build.0 = Debug|Any CPU
		{304FCDC3-4117-43F9-B45C-5414C99EDCA0}.Debug|iPhone.Deploy.0 = Debug|Any CPU
		{304FCDC3-4117-43F9-B45C-5414C99EDCA0}.Debug|iPhoneSimulator.ActiveCfg = Debug|Any CPU
		{304FCDC3-4117-43F9-B45C-5414C99EDCA0}.Debug|iPhoneSimulator.Build.0 = Debug|Any CPU
		{304FCDC3-4117-43F9-B45C-5414C99EDCA0}.Debug|iPhoneSimulator.Deploy.0 = Debug|Any CPU
		{304FCDC3-4117-43F9-B45C-5414C99EDCA0}.Debug|x64.ActiveCfg = Debug|Any CPU
		{304FCDC3-4117-43F9-B45C-5414C99EDCA0}.Debug|x64.Build.0 = Debug|Any CPU
		{304FCDC3-4117-43F9-B45C-5414C99EDCA0}.Debug|x64.Deploy.0 = Debug|Any CPU
		{304FCDC3-4117-43F9-B45C-5414C99EDCA0}.Debug|x86.ActiveCfg = Debug|x86
		{304FCDC3-4117-43F9-B45C-5414C99EDCA0}.Debug|x86.Build.0 = Debug|x86
		{304FCDC3-4117-43F9-B45C-5414C99EDCA0}.Debug|x86.Deploy.0 = Debug|x86
		{304FCDC3-4117-43F9-B45C-5414C99EDCA0}.Release|Any CPU.ActiveCfg = Release|Any CPU
		{304FCDC3-4117-43F9-B45C-5414C99EDCA0}.Release|Any CPU.Build.0 = Release|Any CPU
		{304FCDC3-4117-43F9-B45C-5414C99EDCA0}.Release|Any CPU.Deploy.0 = Release|Any CPU
		{304FCDC3-4117-43F9-B45C-5414C99EDCA0}.Release|ARM.ActiveCfg = Release|ARM
		{304FCDC3-4117-43F9-B45C-5414C99EDCA0}.Release|ARM.Build.0 = Release|ARM
		{304FCDC3-4117-43F9-B45C-5414C99EDCA0}.Release|ARM.Deploy.0 = Release|ARM
		{304FCDC3-4117-43F9-B45C-5414C99EDCA0}.Release|iPhone.ActiveCfg = Release|Any CPU
		{304FCDC3-4117-43F9-B45C-5414C99EDCA0}.Release|iPhone.Build.0 = Release|Any CPU
		{304FCDC3-4117-43F9-B45C-5414C99EDCA0}.Release|iPhone.Deploy.0 = Release|Any CPU
		{304FCDC3-4117-43F9-B45C-5414C99EDCA0}.Release|iPhoneSimulator.ActiveCfg = Release|Any CPU
		{304FCDC3-4117-43F9-B45C-5414C99EDCA0}.Release|iPhoneSimulator.Build.0 = Release|Any CPU
		{304FCDC3-4117-43F9-B45C-5414C99EDCA0}.Release|iPhoneSimulator.Deploy.0 = Release|Any CPU
		{304FCDC3-4117-43F9-B45C-5414C99EDCA0}.Release|x64.ActiveCfg = Release|Any CPU
		{304FCDC3-4117-43F9-B45C-5414C99EDCA0}.Release|x64.Build.0 = Release|Any CPU
		{304FCDC3-4117-43F9-B45C-5414C99EDCA0}.Release|x64.Deploy.0 = Release|Any CPU
		{304FCDC3-4117-43F9-B45C-5414C99EDCA0}.Release|x86.ActiveCfg = Release|x86
		{304FCDC3-4117-43F9-B45C-5414C99EDCA0}.Release|x86.Build.0 = Release|x86
		{304FCDC3-4117-43F9-B45C-5414C99EDCA0}.Release|x86.Deploy.0 = Release|x86
		{9BA8F72E-25E7-4564-BA4D-55B85B81D220}.Ad-Hoc|Any CPU.ActiveCfg = Release|Any CPU
		{9BA8F72E-25E7-4564-BA4D-55B85B81D220}.Ad-Hoc|Any CPU.Build.0 = Release|Any CPU
		{9BA8F72E-25E7-4564-BA4D-55B85B81D220}.Ad-Hoc|Any CPU.Deploy.0 = Release|Any CPU
		{9BA8F72E-25E7-4564-BA4D-55B85B81D220}.Ad-Hoc|ARM.ActiveCfg = Release|ARM
		{9BA8F72E-25E7-4564-BA4D-55B85B81D220}.Ad-Hoc|ARM.Build.0 = Release|ARM
		{9BA8F72E-25E7-4564-BA4D-55B85B81D220}.Ad-Hoc|ARM.Deploy.0 = Release|ARM
		{9BA8F72E-25E7-4564-BA4D-55B85B81D220}.Ad-Hoc|iPhone.ActiveCfg = Release|Any CPU
		{9BA8F72E-25E7-4564-BA4D-55B85B81D220}.Ad-Hoc|iPhone.Build.0 = Release|Any CPU
		{9BA8F72E-25E7-4564-BA4D-55B85B81D220}.Ad-Hoc|iPhone.Deploy.0 = Release|Any CPU
		{9BA8F72E-25E7-4564-BA4D-55B85B81D220}.Ad-Hoc|iPhoneSimulator.ActiveCfg = Release|Any CPU
		{9BA8F72E-25E7-4564-BA4D-55B85B81D220}.Ad-Hoc|iPhoneSimulator.Build.0 = Release|Any CPU
		{9BA8F72E-25E7-4564-BA4D-55B85B81D220}.Ad-Hoc|iPhoneSimulator.Deploy.0 = Release|Any CPU
		{9BA8F72E-25E7-4564-BA4D-55B85B81D220}.Ad-Hoc|x64.ActiveCfg = Release|x64
		{9BA8F72E-25E7-4564-BA4D-55B85B81D220}.Ad-Hoc|x64.Build.0 = Release|x64
		{9BA8F72E-25E7-4564-BA4D-55B85B81D220}.Ad-Hoc|x64.Deploy.0 = Release|x64
		{9BA8F72E-25E7-4564-BA4D-55B85B81D220}.Ad-Hoc|x86.ActiveCfg = Release|x86
		{9BA8F72E-25E7-4564-BA4D-55B85B81D220}.Ad-Hoc|x86.Build.0 = Release|x86
		{9BA8F72E-25E7-4564-BA4D-55B85B81D220}.Ad-Hoc|x86.Deploy.0 = Release|x86
		{9BA8F72E-25E7-4564-BA4D-55B85B81D220}.AppStore|Any CPU.ActiveCfg = Release|Any CPU
		{9BA8F72E-25E7-4564-BA4D-55B85B81D220}.AppStore|Any CPU.Build.0 = Release|Any CPU
		{9BA8F72E-25E7-4564-BA4D-55B85B81D220}.AppStore|Any CPU.Deploy.0 = Release|Any CPU
		{9BA8F72E-25E7-4564-BA4D-55B85B81D220}.AppStore|ARM.ActiveCfg = Release|ARM
		{9BA8F72E-25E7-4564-BA4D-55B85B81D220}.AppStore|ARM.Build.0 = Release|ARM
		{9BA8F72E-25E7-4564-BA4D-55B85B81D220}.AppStore|ARM.Deploy.0 = Release|ARM
		{9BA8F72E-25E7-4564-BA4D-55B85B81D220}.AppStore|iPhone.ActiveCfg = Release|Any CPU
		{9BA8F72E-25E7-4564-BA4D-55B85B81D220}.AppStore|iPhone.Build.0 = Release|Any CPU
		{9BA8F72E-25E7-4564-BA4D-55B85B81D220}.AppStore|iPhone.Deploy.0 = Release|Any CPU
		{9BA8F72E-25E7-4564-BA4D-55B85B81D220}.AppStore|iPhoneSimulator.ActiveCfg = Release|Any CPU
		{9BA8F72E-25E7-4564-BA4D-55B85B81D220}.AppStore|iPhoneSimulator.Build.0 = Release|Any CPU
		{9BA8F72E-25E7-4564-BA4D-55B85B81D220}.AppStore|iPhoneSimulator.Deploy.0 = Release|Any CPU
		{9BA8F72E-25E7-4564-BA4D-55B85B81D220}.AppStore|x64.ActiveCfg = Release|x64
		{9BA8F72E-25E7-4564-BA4D-55B85B81D220}.AppStore|x64.Build.0 = Release|x64
		{9BA8F72E-25E7-4564-BA4D-55B85B81D220}.AppStore|x64.Deploy.0 = Release|x64
		{9BA8F72E-25E7-4564-BA4D-55B85B81D220}.AppStore|x86.ActiveCfg = Release|x86
		{9BA8F72E-25E7-4564-BA4D-55B85B81D220}.AppStore|x86.Build.0 = Release|x86
		{9BA8F72E-25E7-4564-BA4D-55B85B81D220}.AppStore|x86.Deploy.0 = Release|x86
		{9BA8F72E-25E7-4564-BA4D-55B85B81D220}.Debug|Any CPU.ActiveCfg = Debug|Any CPU
		{9BA8F72E-25E7-4564-BA4D-55B85B81D220}.Debug|Any CPU.Build.0 = Debug|Any CPU
		{9BA8F72E-25E7-4564-BA4D-55B85B81D220}.Debug|Any CPU.Deploy.0 = Debug|Any CPU
		{9BA8F72E-25E7-4564-BA4D-55B85B81D220}.Debug|ARM.ActiveCfg = Debug|ARM
		{9BA8F72E-25E7-4564-BA4D-55B85B81D220}.Debug|ARM.Build.0 = Debug|ARM
		{9BA8F72E-25E7-4564-BA4D-55B85B81D220}.Debug|ARM.Deploy.0 = Debug|ARM
		{9BA8F72E-25E7-4564-BA4D-55B85B81D220}.Debug|iPhone.ActiveCfg = Debug|Any CPU
		{9BA8F72E-25E7-4564-BA4D-55B85B81D220}.Debug|iPhone.Build.0 = Debug|Any CPU
		{9BA8F72E-25E7-4564-BA4D-55B85B81D220}.Debug|iPhone.Deploy.0 = Debug|Any CPU
		{9BA8F72E-25E7-4564-BA4D-55B85B81D220}.Debug|iPhoneSimulator.ActiveCfg = Debug|Any CPU
		{9BA8F72E-25E7-4564-BA4D-55B85B81D220}.Debug|iPhoneSimulator.Build.0 = Debug|Any CPU
		{9BA8F72E-25E7-4564-BA4D-55B85B81D220}.Debug|iPhoneSimulator.Deploy.0 = Debug|Any CPU
		{9BA8F72E-25E7-4564-BA4D-55B85B81D220}.Debug|x64.ActiveCfg = Debug|x64
		{9BA8F72E-25E7-4564-BA4D-55B85B81D220}.Debug|x64.Build.0 = Debug|x64
		{9BA8F72E-25E7-4564-BA4D-55B85B81D220}.Debug|x64.Deploy.0 = Debug|x64
		{9BA8F72E-25E7-4564-BA4D-55B85B81D220}.Debug|x86.ActiveCfg = Debug|x86
		{9BA8F72E-25E7-4564-BA4D-55B85B81D220}.Debug|x86.Build.0 = Debug|x86
		{9BA8F72E-25E7-4564-BA4D-55B85B81D220}.Debug|x86.Deploy.0 = Debug|x86
		{9BA8F72E-25E7-4564-BA4D-55B85B81D220}.Release|Any CPU.ActiveCfg = Release|Any CPU
		{9BA8F72E-25E7-4564-BA4D-55B85B81D220}.Release|Any CPU.Build.0 = Release|Any CPU
		{9BA8F72E-25E7-4564-BA4D-55B85B81D220}.Release|Any CPU.Deploy.0 = Release|Any CPU
		{9BA8F72E-25E7-4564-BA4D-55B85B81D220}.Release|ARM.ActiveCfg = Release|ARM
		{9BA8F72E-25E7-4564-BA4D-55B85B81D220}.Release|ARM.Build.0 = Release|ARM
		{9BA8F72E-25E7-4564-BA4D-55B85B81D220}.Release|ARM.Deploy.0 = Release|ARM
		{9BA8F72E-25E7-4564-BA4D-55B85B81D220}.Release|iPhone.ActiveCfg = Release|Any CPU
		{9BA8F72E-25E7-4564-BA4D-55B85B81D220}.Release|iPhone.Build.0 = Release|Any CPU
		{9BA8F72E-25E7-4564-BA4D-55B85B81D220}.Release|iPhone.Deploy.0 = Release|Any CPU
		{9BA8F72E-25E7-4564-BA4D-55B85B81D220}.Release|iPhoneSimulator.ActiveCfg = Release|Any CPU
		{9BA8F72E-25E7-4564-BA4D-55B85B81D220}.Release|iPhoneSimulator.Build.0 = Release|Any CPU
		{9BA8F72E-25E7-4564-BA4D-55B85B81D220}.Release|iPhoneSimulator.Deploy.0 = Release|Any CPU
		{9BA8F72E-25E7-4564-BA4D-55B85B81D220}.Release|x64.ActiveCfg = Release|x64
		{9BA8F72E-25E7-4564-BA4D-55B85B81D220}.Release|x64.Build.0 = Release|x64
		{9BA8F72E-25E7-4564-BA4D-55B85B81D220}.Release|x64.Deploy.0 = Release|x64
		{9BA8F72E-25E7-4564-BA4D-55B85B81D220}.Release|x86.ActiveCfg = Release|x86
		{9BA8F72E-25E7-4564-BA4D-55B85B81D220}.Release|x86.Build.0 = Release|x86
		{9BA8F72E-25E7-4564-BA4D-55B85B81D220}.Release|x86.Deploy.0 = Release|x86
	EndGlobalSection
	GlobalSection(SolutionProperties) = preSolution
		HideSolutionNode = FALSE
	EndGlobalSection
EndGlobal
